
Microsoft Visual Studio Solution File, Format Version 12.00
# Visual Studio 15
VisualStudioVersion = 15.0.27004.2002
MinimumVisualStudioVersion = 10.0.40219.1
Project("{8BC9CEB8-8B4A-11D0-8D11-00A0C91BC942}") = "Cellular", "Cellular\Cellular.vcxproj", "{FF809D04-B05B-4C26-AC75-58208CADE05A}"
EndProject
Global
	GlobalSection(SolutionConfigurationPlatforms) = preSolution
		Debug|x64 = Debug|x64
		Debug|x86 = Debug|x86
		Release|x64 = Release|x64
		Release|x86 = Release|x86
	EndGlobalSection
	GlobalSection(ProjectConfigurationPlatforms) = postSolution
		{FF809D04-B05B-4C26-AC75-58208CADE05A}.Debug|x64.ActiveCfg = Debug|x64
		{FF809D04-B05B-4C26-AC75-58208CADE05A}.Debug|x64.Build.0 = Debug|x64
		{FF809D04-B05B-4C26-AC75-58208CADE05A}.Debug|x86.ActiveCfg = Debug|Win32
		{FF809D04-B05B-4C26-AC75-58208CADE05A}.Debug|x86.Build.0 = Debug|Win32
		{FF809D04-B05B-4C26-AC75-58208CADE05A}.Release|x64.ActiveCfg = Release|x64
		{FF809D04-B05B-4C26-AC75-58208CADE05A}.Release|x64.Build.0 = Release|x64
		{FF809D04-B05B-4C26-AC75-58208CADE05A}.Release|x86.ActiveCfg = Release|Win32
		{FF809D04-B05B-4C26-AC75-58208CADE05A}.Release|x86.Build.0 = Release|Win32
	EndGlobalSection
	GlobalSection(SolutionProperties) = preSolution
		HideSolutionNode = FALSE
	EndGlobalSection
	GlobalSection(ExtensibilityGlobals) = postSolution
		SolutionGuid = {0285A9A7-5615-491C-9990-33344E06448B}
	EndGlobalSection
EndGlobal
