
Microsoft Visual Studio Solution File, Format Version 12.00
# Visual Studio 15
VisualStudioVersion = 15.0.27004.2002
MinimumVisualStudioVersion = 10.0.40219.1
Project("{8BC9CEB8-8B4A-11D0-8D11-00A0C91BC942}") = "ClassExercises2B_1", "ClassExercises2B_1\ClassExercises2B_1.vcxproj", "{54E294E7-A89B-4E86-81C0-8A595C1F28FF}"
EndProject
Global
	GlobalSection(SolutionConfigurationPlatforms) = preSolution
		Debug|x64 = Debug|x64
		Debug|x86 = Debug|x86
		Release|x64 = Release|x64
		Release|x86 = Release|x86
	EndGlobalSection
	GlobalSection(ProjectConfigurationPlatforms) = postSolution
		{54E294E7-A89B-4E86-81C0-8A595C1F28FF}.Debug|x64.ActiveCfg = Debug|x64
		{54E294E7-A89B-4E86-81C0-8A595C1F28FF}.Debug|x64.Build.0 = Debug|x64
		{54E294E7-A89B-4E86-81C0-8A595C1F28FF}.Debug|x86.ActiveCfg = Debug|Win32
		{54E294E7-A89B-4E86-81C0-8A595C1F28FF}.Debug|x86.Build.0 = Debug|Win32
		{54E294E7-A89B-4E86-81C0-8A595C1F28FF}.Release|x64.ActiveCfg = Release|x64
		{54E294E7-A89B-4E86-81C0-8A595C1F28FF}.Release|x64.Build.0 = Release|x64
		{54E294E7-A89B-4E86-81C0-8A595C1F28FF}.Release|x86.ActiveCfg = Release|Win32
		{54E294E7-A89B-4E86-81C0-8A595C1F28FF}.Release|x86.Build.0 = Release|Win32
	EndGlobalSection
	GlobalSection(SolutionProperties) = preSolution
		HideSolutionNode = FALSE
	EndGlobalSection
	GlobalSection(ExtensibilityGlobals) = postSolution
		SolutionGuid = {71DB4AF4-7657-43A1-B4DB-57DA76AA66B7}
	EndGlobalSection
EndGlobal
